// !$*UTF8*$!
{
	archiveVersion = 1;
	classes = {
	};
	objectVersion = 55;
	objects = {

/* Begin PBXBuildFile section */
		C7CEE88127D5684000B756D4 /* FruitsApp.swift in Sources */ = {isa = PBXBuildFile; fileRef = C7CEE88027D5684000B756D4 /* FruitsApp.swift */; };
		C7CEE88327D5684000B756D4 /* ContentView.swift in Sources */ = {isa = PBXBuildFile; fileRef = C7CEE88227D5684000B756D4 /* ContentView.swift */; };
		C7CEE88527D5684100B756D4 /* Assets.xcassets in Resources */ = {isa = PBXBuildFile; fileRef = C7CEE88427D5684100B756D4 /* Assets.xcassets */; };
		C7CEE88827D5684100B756D4 /* Preview Assets.xcassets in Resources */ = {isa = PBXBuildFile; fileRef = C7CEE88727D5684100B756D4 /* Preview Assets.xcassets */; };
		C7CEE89227D5684100B756D4 /* FruitsAppTests.swift in Sources */ = {isa = PBXBuildFile; fileRef = C7CEE89127D5684100B756D4 /* FruitsAppTests.swift */; };
		C7CEE89C27D5684100B756D4 /* FruitsAppUITests.swift in Sources */ = {isa = PBXBuildFile; fileRef = C7CEE89B27D5684100B756D4 /* FruitsAppUITests.swift */; };
		C7CEE89E27D5684100B756D4 /* FruitsAppUITestsLaunchTests.swift in Sources */ = {isa = PBXBuildFile; fileRef = C7CEE89D27D5684100B756D4 /* FruitsAppUITestsLaunchTests.swift */; };
		C7CEE8AD27D56B7900B756D4 /* FruitCardView.swift in Sources */ = {isa = PBXBuildFile; fileRef = C7CEE8AC27D56B7900B756D4 /* FruitCardView.swift */; };
		C7CEE8AF27D56C7A00B756D4 /* ImageExtension.swift in Sources */ = {isa = PBXBuildFile; fileRef = C7CEE8AE27D56C7A00B756D4 /* ImageExtension.swift */; };
		C7CEE8B127D56DD600B756D4 /* ColorExtension.swift in Sources */ = {isa = PBXBuildFile; fileRef = C7CEE8B027D56DD600B756D4 /* ColorExtension.swift */; };
		C7CEE8B427D5729100B756D4 /* StartButtonView.swift in Sources */ = {isa = PBXBuildFile; fileRef = C7CEE8B327D5729100B756D4 /* StartButtonView.swift */; };
		C7CEE8B627D582AA00B756D4 /* OnboardingView.swift in Sources */ = {isa = PBXBuildFile; fileRef = C7CEE8B527D582AA00B756D4 /* OnboardingView.swift */; };
		C7CEE8B927D59A7300B756D4 /* FruitsModel.swift in Sources */ = {isa = PBXBuildFile; fileRef = C7CEE8B827D59A7300B756D4 /* FruitsModel.swift */; };
		C7CEE8BC27D59AF000B756D4 /* FruitData.swift in Sources */ = {isa = PBXBuildFile; fileRef = C7CEE8BB27D59AF000B756D4 /* FruitData.swift */; };
		C7CEE8BE27D5A0FE00B756D4 /* FruitRowView.swift in Sources */ = {isa = PBXBuildFile; fileRef = C7CEE8BD27D5A0FE00B756D4 /* FruitRowView.swift */; };
		C7CEE8C027D5A38E00B756D4 /* FruitDetailView.swift in Sources */ = {isa = PBXBuildFile; fileRef = C7CEE8BF27D5A38E00B756D4 /* FruitDetailView.swift */; };
		C7CEE8C227D5A62800B756D4 /* FruitHeaderView.swift in Sources */ = {isa = PBXBuildFile; fileRef = C7CEE8C127D5A62800B756D4 /* FruitHeaderView.swift */; };
		C7CEE8C427D5A7AD00B756D4 /* SourceLinkView.swift in Sources */ = {isa = PBXBuildFile; fileRef = C7CEE8C327D5A7AD00B756D4 /* SourceLinkView.swift */; };
		C7CEE8C627D5A9AB00B756D4 /* FruitNutrientsView.swift in Sources */ = {isa = PBXBuildFile; fileRef = C7CEE8C527D5A9AB00B756D4 /* FruitNutrientsView.swift */; };
		C7CEE8C827D5AD4100B756D4 /* SettingsView.swift in Sources */ = {isa = PBXBuildFile; fileRef = C7CEE8C727D5AD4100B756D4 /* SettingsView.swift */; };
		C7CEE8CA27D5B13200B756D4 /* SettingLabelView.swift in Sources */ = {isa = PBXBuildFile; fileRef = C7CEE8C927D5B13200B756D4 /* SettingLabelView.swift */; };
/* End PBXBuildFile section */

/* Begin PBXContainerItemProxy section */
		C7CEE88E27D5684100B756D4 /* PBXContainerItemProxy */ = {
			isa = PBXContainerItemProxy;
			containerPortal = C7CEE87527D5684000B756D4 /* Project object */;
			proxyType = 1;
			remoteGlobalIDString = C7CEE87C27D5684000B756D4;
			remoteInfo = FruitsApp;
		};
		C7CEE89827D5684100B756D4 /* PBXContainerItemProxy */ = {
			isa = PBXContainerItemProxy;
			containerPortal = C7CEE87527D5684000B756D4 /* Project object */;
			proxyType = 1;
			remoteGlobalIDString = C7CEE87C27D5684000B756D4;
			remoteInfo = FruitsApp;
		};
/* End PBXContainerItemProxy section */

/* Begin PBXFileReference section */
		C7CEE87D27D5684000B756D4 /* FruitsApp.app */ = {isa = PBXFileReference; explicitFileType = wrapper.application; includeInIndex = 0; path = FruitsApp.app; sourceTree = BUILT_PRODUCTS_DIR; };
		C7CEE88027D5684000B756D4 /* FruitsApp.swift */ = {isa = PBXFileReference; lastKnownFileType = sourcecode.swift; path = FruitsApp.swift; sourceTree = "<group>"; };
		C7CEE88227D5684000B756D4 /* ContentView.swift */ = {isa = PBXFileReference; lastKnownFileType = sourcecode.swift; path = ContentView.swift; sourceTree = "<group>"; };
		C7CEE88427D5684100B756D4 /* Assets.xcassets */ = {isa = PBXFileReference; lastKnownFileType = folder.assetcatalog; path = Assets.xcassets; sourceTree = "<group>"; };
		C7CEE88727D5684100B756D4 /* Preview Assets.xcassets */ = {isa = PBXFileReference; lastKnownFileType = folder.assetcatalog; path = "Preview Assets.xcassets"; sourceTree = "<group>"; };
		C7CEE88D27D5684100B756D4 /* FruitsAppTests.xctest */ = {isa = PBXFileReference; explicitFileType = wrapper.cfbundle; includeInIndex = 0; path = FruitsAppTests.xctest; sourceTree = BUILT_PRODUCTS_DIR; };
		C7CEE89127D5684100B756D4 /* FruitsAppTests.swift */ = {isa = PBXFileReference; lastKnownFileType = sourcecode.swift; path = FruitsAppTests.swift; sourceTree = "<group>"; };
		C7CEE89727D5684100B756D4 /* FruitsAppUITests.xctest */ = {isa = PBXFileReference; explicitFileType = wrapper.cfbundle; includeInIndex = 0; path = FruitsAppUITests.xctest; sourceTree = BUILT_PRODUCTS_DIR; };
		C7CEE89B27D5684100B756D4 /* FruitsAppUITests.swift */ = {isa = PBXFileReference; lastKnownFileType = sourcecode.swift; path = FruitsAppUITests.swift; sourceTree = "<group>"; };
		C7CEE89D27D5684100B756D4 /* FruitsAppUITestsLaunchTests.swift */ = {isa = PBXFileReference; lastKnownFileType = sourcecode.swift; path = FruitsAppUITestsLaunchTests.swift; sourceTree = "<group>"; };
		C7CEE8AC27D56B7900B756D4 /* FruitCardView.swift */ = {isa = PBXFileReference; lastKnownFileType = sourcecode.swift; name = FruitCardView.swift; path = FruitsApp/Views/FruitCardView.swift; sourceTree = SOURCE_ROOT; };
		C7CEE8AE27D56C7A00B756D4 /* ImageExtension.swift */ = {isa = PBXFileReference; lastKnownFileType = sourcecode.swift; path = ImageExtension.swift; sourceTree = "<group>"; };
		C7CEE8B027D56DD600B756D4 /* ColorExtension.swift */ = {isa = PBXFileReference; lastKnownFileType = sourcecode.swift; path = ColorExtension.swift; sourceTree = "<group>"; };
		C7CEE8B327D5729100B756D4 /* StartButtonView.swift */ = {isa = PBXFileReference; lastKnownFileType = sourcecode.swift; path = StartButtonView.swift; sourceTree = "<group>"; };
		C7CEE8B527D582AA00B756D4 /* OnboardingView.swift */ = {isa = PBXFileReference; lastKnownFileType = sourcecode.swift; name = OnboardingView.swift; path = FruitsApp/Modules/OnboardingView.swift; sourceTree = SOURCE_ROOT; };
		C7CEE8B827D59A7300B756D4 /* FruitsModel.swift */ = {isa = PBXFileReference; lastKnownFileType = sourcecode.swift; path = FruitsModel.swift; sourceTree = "<group>"; };
		C7CEE8BB27D59AF000B756D4 /* FruitData.swift */ = {isa = PBXFileReference; lastKnownFileType = sourcecode.swift; path = FruitData.swift; sourceTree = "<group>"; };
		C7CEE8BD27D5A0FE00B756D4 /* FruitRowView.swift */ = {isa = PBXFileReference; lastKnownFileType = sourcecode.swift; path = FruitRowView.swift; sourceTree = "<group>"; };
		C7CEE8BF27D5A38E00B756D4 /* FruitDetailView.swift */ = {isa = PBXFileReference; lastKnownFileType = sourcecode.swift; path = FruitDetailView.swift; sourceTree = "<group>"; };
		C7CEE8C127D5A62800B756D4 /* FruitHeaderView.swift */ = {isa = PBXFileReference; lastKnownFileType = sourcecode.swift; name = FruitHeaderView.swift; path = FruitsApp/Views/FruitHeaderView.swift; sourceTree = SOURCE_ROOT; };
		C7CEE8C327D5A7AD00B756D4 /* SourceLinkView.swift */ = {isa = PBXFileReference; lastKnownFileType = sourcecode.swift; path = SourceLinkView.swift; sourceTree = "<group>"; };
		C7CEE8C527D5A9AB00B756D4 /* FruitNutrientsView.swift */ = {isa = PBXFileReference; lastKnownFileType = sourcecode.swift; name = FruitNutrientsView.swift; path = FruitsApp/Views/FruitNutrientsView.swift; sourceTree = SOURCE_ROOT; };
		C7CEE8C727D5AD4100B756D4 /* SettingsView.swift */ = {isa = PBXFileReference; lastKnownFileType = sourcecode.swift; path = SettingsView.swift; sourceTree = "<group>"; };
		C7CEE8C927D5B13200B756D4 /* SettingLabelView.swift */ = {isa = PBXFileReference; lastKnownFileType = sourcecode.swift; path = SettingLabelView.swift; sourceTree = "<group>"; };
/* End PBXFileReference section */

/* Begin PBXFrameworksBuildPhase section */
		C7CEE87A27D5684000B756D4 /* Frameworks */ = {
			isa = PBXFrameworksBuildPhase;
			buildActionMask = 2147483647;
			files = (
			);
			runOnlyForDeploymentPostprocessing = 0;
		};
		C7CEE88A27D5684100B756D4 /* Frameworks */ = {
			isa = PBXFrameworksBuildPhase;
			buildActionMask = 2147483647;
			files = (
			);
			runOnlyForDeploymentPostprocessing = 0;
		};
		C7CEE89427D5684100B756D4 /* Frameworks */ = {
			isa = PBXFrameworksBuildPhase;
			buildActionMask = 2147483647;
			files = (
			);
			runOnlyForDeploymentPostprocessing = 0;
		};
/* End PBXFrameworksBuildPhase section */

/* Begin PBXGroup section */
		C7CEE87427D5684000B756D4 = {
			isa = PBXGroup;
			children = (
				C7CEE87F27D5684000B756D4 /* FruitsApp */,
				C7CEE89027D5684100B756D4 /* FruitsAppTests */,
				C7CEE89A27D5684100B756D4 /* FruitsAppUITests */,
				C7CEE87E27D5684000B756D4 /* Products */,
			);
			sourceTree = "<group>";
		};
		C7CEE87E27D5684000B756D4 /* Products */ = {
			isa = PBXGroup;
			children = (
				C7CEE87D27D5684000B756D4 /* FruitsApp.app */,
				C7CEE88D27D5684100B756D4 /* FruitsAppTests.xctest */,
				C7CEE89727D5684100B756D4 /* FruitsAppUITests.xctest */,
			);
			name = Products;
			sourceTree = "<group>";
		};
		C7CEE87F27D5684000B756D4 /* FruitsApp */ = {
			isa = PBXGroup;
			children = (
				C7CEE88027D5684000B756D4 /* FruitsApp.swift */,
				C7CEE8BA27D59AE700B756D4 /* Data */,
				C7CEE8B727D59A4F00B756D4 /* Model */,
				C7CEE8B227D5723E00B756D4 /* Utilities */,
				C7CEE8AB27D56B4100B756D4 /* Views */,
				C7CEE8AA27D56B2C00B756D4 /* Modules */,
				C7CEE88427D5684100B756D4 /* Assets.xcassets */,
				C7CEE88627D5684100B756D4 /* Preview Content */,
			);
			path = FruitsApp;
			sourceTree = "<group>";
		};
		C7CEE88627D5684100B756D4 /* Preview Content */ = {
			isa = PBXGroup;
			children = (
				C7CEE88727D5684100B756D4 /* Preview Assets.xcassets */,
			);
			path = "Preview Content";
			sourceTree = "<group>";
		};
		C7CEE89027D5684100B756D4 /* FruitsAppTests */ = {
			isa = PBXGroup;
			children = (
				C7CEE89127D5684100B756D4 /* FruitsAppTests.swift */,
			);
			path = FruitsAppTests;
			sourceTree = "<group>";
		};
		C7CEE89A27D5684100B756D4 /* FruitsAppUITests */ = {
			isa = PBXGroup;
			children = (
				C7CEE89B27D5684100B756D4 /* FruitsAppUITests.swift */,
				C7CEE89D27D5684100B756D4 /* FruitsAppUITestsLaunchTests.swift */,
			);
			path = FruitsAppUITests;
			sourceTree = "<group>";
		};
		C7CEE8AA27D56B2C00B756D4 /* Modules */ = {
			isa = PBXGroup;
			children = (
				C7CEE8B527D582AA00B756D4 /* OnboardingView.swift */,
				C7CEE88227D5684000B756D4 /* ContentView.swift */,
				C7CEE8BF27D5A38E00B756D4 /* FruitDetailView.swift */,
				C7CEE8C727D5AD4100B756D4 /* SettingsView.swift */,
			);
			path = Modules;
			sourceTree = "<group>";
		};
		C7CEE8AB27D56B4100B756D4 /* Views */ = {
			isa = PBXGroup;
			children = (
				C7CEE8AC27D56B7900B756D4 /* FruitCardView.swift */,
				C7CEE8B327D5729100B756D4 /* StartButtonView.swift */,
				C7CEE8BD27D5A0FE00B756D4 /* FruitRowView.swift */,
				C7CEE8C527D5A9AB00B756D4 /* FruitNutrientsView.swift */,
				C7CEE8C127D5A62800B756D4 /* FruitHeaderView.swift */,
				C7CEE8C927D5B13200B756D4 /* SettingLabelView.swift */,
				C7CEE8C327D5A7AD00B756D4 /* SourceLinkView.swift */,
			);
			path = Views;
			sourceTree = "<group>";
		};
		C7CEE8B227D5723E00B756D4 /* Utilities */ = {
			isa = PBXGroup;
			children = (
				C7CEE8B027D56DD600B756D4 /* ColorExtension.swift */,
				C7CEE8AE27D56C7A00B756D4 /* ImageExtension.swift */,
			);
			path = Utilities;
			sourceTree = "<group>";
		};
		C7CEE8B727D59A4F00B756D4 /* Model */ = {
			isa = PBXGroup;
			children = (
				C7CEE8B827D59A7300B756D4 /* FruitsModel.swift */,
			);
			path = Model;
			sourceTree = "<group>";
		};
		C7CEE8BA27D59AE700B756D4 /* Data */ = {
			isa = PBXGroup;
			children = (
				C7CEE8BB27D59AF000B756D4 /* FruitData.swift */,
			);
			path = Data;
			sourceTree = "<group>";
		};
/* End PBXGroup section */

/* Begin PBXNativeTarget section */
		C7CEE87C27D5684000B756D4 /* FruitsApp */ = {
			isa = PBXNativeTarget;
			buildConfigurationList = C7CEE8A127D5684100B756D4 /* Build configuration list for PBXNativeTarget "FruitsApp" */;
			buildPhases = (
				C7CEE87927D5684000B756D4 /* Sources */,
				C7CEE87A27D5684000B756D4 /* Frameworks */,
				C7CEE87B27D5684000B756D4 /* Resources */,
			);
			buildRules = (
			);
			dependencies = (
			);
			name = FruitsApp;
			productName = FruitsApp;
			productReference = C7CEE87D27D5684000B756D4 /* FruitsApp.app */;
			productType = "com.apple.product-type.application";
		};
		C7CEE88C27D5684100B756D4 /* FruitsAppTests */ = {
			isa = PBXNativeTarget;
			buildConfigurationList = C7CEE8A427D5684100B756D4 /* Build configuration list for PBXNativeTarget "FruitsAppTests" */;
			buildPhases = (
				C7CEE88927D5684100B756D4 /* Sources */,
				C7CEE88A27D5684100B756D4 /* Frameworks */,
				C7CEE88B27D5684100B756D4 /* Resources */,
			);
			buildRules = (
			);
			dependencies = (
				C7CEE88F27D5684100B756D4 /* PBXTargetDependency */,
			);
			name = FruitsAppTests;
			productName = FruitsAppTests;
			productReference = C7CEE88D27D5684100B756D4 /* FruitsAppTests.xctest */;
			productType = "com.apple.product-type.bundle.unit-test";
		};
		C7CEE89627D5684100B756D4 /* FruitsAppUITests */ = {
			isa = PBXNativeTarget;
			buildConfigurationList = C7CEE8A727D5684100B756D4 /* Build configuration list for PBXNativeTarget "FruitsAppUITests" */;
			buildPhases = (
				C7CEE89327D5684100B756D4 /* Sources */,
				C7CEE89427D5684100B756D4 /* Frameworks */,
				C7CEE89527D5684100B756D4 /* Resources */,
			);
			buildRules = (
			);
			dependencies = (
				C7CEE89927D5684100B756D4 /* PBXTargetDependency */,
			);
			name = FruitsAppUITests;
			productName = FruitsAppUITests;
			productReference = C7CEE89727D5684100B756D4 /* FruitsAppUITests.xctest */;
			productType = "com.apple.product-type.bundle.ui-testing";
		};
/* End PBXNativeTarget section */

/* Begin PBXProject section */
		C7CEE87527D5684000B756D4 /* Project object */ = {
			isa = PBXProject;
			attributes = {
				BuildIndependentTargetsInParallel = 1;
				LastSwiftUpdateCheck = 1320;
				LastUpgradeCheck = 1320;
				TargetAttributes = {
					C7CEE87C27D5684000B756D4 = {
						CreatedOnToolsVersion = 13.2.1;
					};
					C7CEE88C27D5684100B756D4 = {
						CreatedOnToolsVersion = 13.2.1;
						TestTargetID = C7CEE87C27D5684000B756D4;
					};
					C7CEE89627D5684100B756D4 = {
						CreatedOnToolsVersion = 13.2.1;
						TestTargetID = C7CEE87C27D5684000B756D4;
					};
				};
			};
			buildConfigurationList = C7CEE87827D5684000B756D4 /* Build configuration list for PBXProject "FruitsApp" */;
			compatibilityVersion = "Xcode 13.0";
			developmentRegion = en;
			hasScannedForEncodings = 0;
			knownRegions = (
				en,
				Base,
			);
			mainGroup = C7CEE87427D5684000B756D4;
			productRefGroup = C7CEE87E27D5684000B756D4 /* Products */;
			projectDirPath = "";
			projectRoot = "";
			targets = (
				C7CEE87C27D5684000B756D4 /* FruitsApp */,
				C7CEE88C27D5684100B756D4 /* FruitsAppTests */,
				C7CEE89627D5684100B756D4 /* FruitsAppUITests */,
			);
		};
/* End PBXProject section */

/* Begin PBXResourcesBuildPhase section */
		C7CEE87B27D5684000B756D4 /* Resources */ = {
			isa = PBXResourcesBuildPhase;
			buildActionMask = 2147483647;
			files = (
				C7CEE88827D5684100B756D4 /* Preview Assets.xcassets in Resources */,
				C7CEE88527D5684100B756D4 /* Assets.xcassets in Resources */,
			);
			runOnlyForDeploymentPostprocessing = 0;
		};
		C7CEE88B27D5684100B756D4 /* Resources */ = {
			isa = PBXResourcesBuildPhase;
			buildActionMask = 2147483647;
			files = (
			);
			runOnlyForDeploymentPostprocessing = 0;
		};
		C7CEE89527D5684100B756D4 /* Resources */ = {
			isa = PBXResourcesBuildPhase;
			buildActionMask = 2147483647;
			files = (
			);
			runOnlyForDeploymentPostprocessing = 0;
		};
/* End PBXResourcesBuildPhase section */

/* Begin PBXSourcesBuildPhase section */
		C7CEE87927D5684000B756D4 /* Sources */ = {
			isa = PBXSourcesBuildPhase;
			buildActionMask = 2147483647;
			files = (
				C7CEE8C827D5AD4100B756D4 /* SettingsView.swift in Sources */,
				C7CEE8BE27D5A0FE00B756D4 /* FruitRowView.swift in Sources */,
				C7CEE8AD27D56B7900B756D4 /* FruitCardView.swift in Sources */,
				C7CEE8C227D5A62800B756D4 /* FruitHeaderView.swift in Sources */,
				C7CEE88327D5684000B756D4 /* ContentView.swift in Sources */,
				C7CEE8BC27D59AF000B756D4 /* FruitData.swift in Sources */,
				C7CEE8B927D59A7300B756D4 /* FruitsModel.swift in Sources */,
				C7CEE8C427D5A7AD00B756D4 /* SourceLinkView.swift in Sources */,
				C7CEE88127D5684000B756D4 /* FruitsApp.swift in Sources */,
				C7CEE8C627D5A9AB00B756D4 /* FruitNutrientsView.swift in Sources */,
				C7CEE8CA27D5B13200B756D4 /* SettingLabelView.swift in Sources */,
				C7CEE8B427D5729100B756D4 /* StartButtonView.swift in Sources */,
				C7CEE8C027D5A38E00B756D4 /* FruitDetailView.swift in Sources */,
				C7CEE8AF27D56C7A00B756D4 /* ImageExtension.swift in Sources */,
				C7CEE8B127D56DD600B756D4 /* ColorExtension.swift in Sources */,
				C7CEE8B627D582AA00B756D4 /* OnboardingView.swift in Sources */,
			);
			runOnlyForDeploymentPostprocessing = 0;
		};
		C7CEE88927D5684100B756D4 /* Sources */ = {
			isa = PBXSourcesBuildPhase;
			buildActionMask = 2147483647;
			files = (
				C7CEE89227D5684100B756D4 /* FruitsAppTests.swift in Sources */,
			);
			runOnlyForDeploymentPostprocessing = 0;
		};
		C7CEE89327D5684100B756D4 /* Sources */ = {
			isa = PBXSourcesBuildPhase;
			buildActionMask = 2147483647;
			files = (
				C7CEE89C27D5684100B756D4 /* FruitsAppUITests.swift in Sources */,
				C7CEE89E27D5684100B756D4 /* FruitsAppUITestsLaunchTests.swift in Sources */,
			);
			runOnlyForDeploymentPostprocessing = 0;
		};
/* End PBXSourcesBuildPhase section */

/* Begin PBXTargetDependency section */
		C7CEE88F27D5684100B756D4 /* PBXTargetDependency */ = {
			isa = PBXTargetDependency;
			target = C7CEE87C27D5684000B756D4 /* FruitsApp */;
			targetProxy = C7CEE88E27D5684100B756D4 /* PBXContainerItemProxy */;
		};
		C7CEE89927D5684100B756D4 /* PBXTargetDependency */ = {
			isa = PBXTargetDependency;
			target = C7CEE87C27D5684000B756D4 /* FruitsApp */;
			targetProxy = C7CEE89827D5684100B756D4 /* PBXContainerItemProxy */;
		};
/* End PBXTargetDependency section */

/* Begin XCBuildConfiguration section */
		C7CEE89F27D5684100B756D4 /* Debug */ = {
			isa = XCBuildConfiguration;
			buildSettings = {
				ALWAYS_SEARCH_USER_PATHS = NO;
				CLANG_ANALYZER_NONNULL = YES;
				CLANG_ANALYZER_NUMBER_OBJECT_CONVERSION = YES_AGGRESSIVE;
				CLANG_CXX_LANGUAGE_STANDARD = "gnu++17";
				CLANG_CXX_LIBRARY = "libc++";
				CLANG_ENABLE_MODULES = YES;
				CLANG_ENABLE_OBJC_ARC = YES;
				CLANG_ENABLE_OBJC_WEAK = YES;
				CLANG_WARN_BLOCK_CAPTURE_AUTORELEASING = YES;
				CLANG_WARN_BOOL_CONVERSION = YES;
				CLANG_WARN_COMMA = YES;
				CLANG_WARN_CONSTANT_CONVERSION = YES;
				CLANG_WARN_DEPRECATED_OBJC_IMPLEMENTATIONS = YES;
				CLANG_WARN_DIRECT_OBJC_ISA_USAGE = YES_ERROR;
				CLANG_WARN_DOCUMENTATION_COMMENTS = YES;
				CLANG_WARN_EMPTY_BODY = YES;
				CLANG_WARN_ENUM_CONVERSION = YES;
				CLANG_WARN_INFINITE_RECURSION = YES;
				CLANG_WARN_INT_CONVERSION = YES;
				CLANG_WARN_NON_LITERAL_NULL_CONVERSION = YES;
				CLANG_WARN_OBJC_IMPLICIT_RETAIN_SELF = YES;
				CLANG_WARN_OBJC_LITERAL_CONVERSION = YES;
				CLANG_WARN_OBJC_ROOT_CLASS = YES_ERROR;
				CLANG_WARN_QUOTED_INCLUDE_IN_FRAMEWORK_HEADER = YES;
				CLANG_WARN_RANGE_LOOP_ANALYSIS = YES;
				CLANG_WARN_STRICT_PROTOTYPES = YES;
				CLANG_WARN_SUSPICIOUS_MOVE = YES;
				CLANG_WARN_UNGUARDED_AVAILABILITY = YES_AGGRESSIVE;
				CLANG_WARN_UNREACHABLE_CODE = YES;
				CLANG_WARN__DUPLICATE_METHOD_MATCH = YES;
				COPY_PHASE_STRIP = NO;
				DEBUG_INFORMATION_FORMAT = dwarf;
				ENABLE_STRICT_OBJC_MSGSEND = YES;
				ENABLE_TESTABILITY = YES;
				GCC_C_LANGUAGE_STANDARD = gnu11;
				GCC_DYNAMIC_NO_PIC = NO;
				GCC_NO_COMMON_BLOCKS = YES;
				GCC_OPTIMIZATION_LEVEL = 0;
				GCC_PREPROCESSOR_DEFINITIONS = (
					"DEBUG=1",
					"$(inherited)",
				);
				GCC_WARN_64_TO_32_BIT_CONVERSION = YES;
				GCC_WARN_ABOUT_RETURN_TYPE = YES_ERROR;
				GCC_WARN_UNDECLARED_SELECTOR = YES;
				GCC_WARN_UNINITIALIZED_AUTOS = YES_AGGRESSIVE;
				GCC_WARN_UNUSED_FUNCTION = YES;
				GCC_WARN_UNUSED_VARIABLE = YES;
				IPHONEOS_DEPLOYMENT_TARGET = 15.2;
				MTL_ENABLE_DEBUG_INFO = INCLUDE_SOURCE;
				MTL_FAST_MATH = YES;
				ONLY_ACTIVE_ARCH = YES;
				SDKROOT = iphoneos;
				SWIFT_ACTIVE_COMPILATION_CONDITIONS = DEBUG;
				SWIFT_OPTIMIZATION_LEVEL = "-Onone";
			};
			name = Debug;
		};
		C7CEE8A027D5684100B756D4 /* Release */ = {
			isa = XCBuildConfiguration;
			buildSettings = {
				ALWAYS_SEARCH_USER_PATHS = NO;
				CLANG_ANALYZER_NONNULL = YES;
				CLANG_ANALYZER_NUMBER_OBJECT_CONVERSION = YES_AGGRESSIVE;
				CLANG_CXX_LANGUAGE_STANDARD = "gnu++17";
				CLANG_CXX_LIBRARY = "libc++";
				CLANG_ENABLE_MODULES = YES;
				CLANG_ENABLE_OBJC_ARC = YES;
				CLANG_ENABLE_OBJC_WEAK = YES;
				CLANG_WARN_BLOCK_CAPTURE_AUTORELEASING = YES;
				CLANG_WARN_BOOL_CONVERSION = YES;
				CLANG_WARN_COMMA = YES;
				CLANG_WARN_CONSTANT_CONVERSION = YES;
				CLANG_WARN_DEPRECATED_OBJC_IMPLEMENTATIONS = YES;
				CLANG_WARN_DIRECT_OBJC_ISA_USAGE = YES_ERROR;
				CLANG_WARN_DOCUMENTATION_COMMENTS = YES;
				CLANG_WARN_EMPTY_BODY = YES;
				CLANG_WARN_ENUM_CONVERSION = YES;
				CLANG_WARN_INFINITE_RECURSION = YES;
				CLANG_WARN_INT_CONVERSION = YES;
				CLANG_WARN_NON_LITERAL_NULL_CONVERSION = YES;
				CLANG_WARN_OBJC_IMPLICIT_RETAIN_SELF = YES;
				CLANG_WARN_OBJC_LITERAL_CONVERSION = YES;
				CLANG_WARN_OBJC_ROOT_CLASS = YES_ERROR;
				CLANG_WARN_QUOTED_INCLUDE_IN_FRAMEWORK_HEADER = YES;
				CLANG_WARN_RANGE_LOOP_ANALYSIS = YES;
				CLANG_WARN_STRICT_PROTOTYPES = YES;
				CLANG_WARN_SUSPICIOUS_MOVE = YES;
				CLANG_WARN_UNGUARDED_AVAILABILITY = YES_AGGRESSIVE;
				CLANG_WARN_UNREACHABLE_CODE = YES;
				CLANG_WARN__DUPLICATE_METHOD_MATCH = YES;
				COPY_PHASE_STRIP = NO;
				DEBUG_INFORMATION_FORMAT = "dwarf-with-dsym";
				ENABLE_NS_ASSERTIONS = NO;
				ENABLE_STRICT_OBJC_MSGSEND = YES;
				GCC_C_LANGUAGE_STANDARD = gnu11;
				GCC_NO_COMMON_BLOCKS = YES;
				GCC_WARN_64_TO_32_BIT_CONVERSION = YES;
				GCC_WARN_ABOUT_RETURN_TYPE = YES_ERROR;
				GCC_WARN_UNDECLARED_SELECTOR = YES;
				GCC_WARN_UNINITIALIZED_AUTOS = YES_AGGRESSIVE;
				GCC_WARN_UNUSED_FUNCTION = YES;
				GCC_WARN_UNUSED_VARIABLE = YES;
				IPHONEOS_DEPLOYMENT_TARGET = 15.2;
				MTL_ENABLE_DEBUG_INFO = NO;
				MTL_FAST_MATH = YES;
				SDKROOT = iphoneos;
				SWIFT_COMPILATION_MODE = wholemodule;
				SWIFT_OPTIMIZATION_LEVEL = "-O";
				VALIDATE_PRODUCT = YES;
			};
			name = Release;
		};
		C7CEE8A227D5684100B756D4 /* Debug */ = {
			isa = XCBuildConfiguration;
			buildSettings = {
				ASSETCATALOG_COMPILER_APPICON_NAME = AppIcon;
				ASSETCATALOG_COMPILER_GLOBAL_ACCENT_COLOR_NAME = AccentColor;
				CODE_SIGN_STYLE = Automatic;
				CURRENT_PROJECT_VERSION = 1;
				DEVELOPMENT_ASSET_PATHS = "\"FruitsApp/Preview Content\"";
				DEVELOPMENT_TEAM = V5FAL96G48;
				ENABLE_PREVIEWS = YES;
				GENERATE_INFOPLIST_FILE = YES;
				INFOPLIST_KEY_UIApplicationSceneManifest_Generation = YES;
				INFOPLIST_KEY_UIApplicationSupportsIndirectInputEvents = YES;
				INFOPLIST_KEY_UILaunchScreen_Generation = YES;
				INFOPLIST_KEY_UISupportedInterfaceOrientations = UIInterfaceOrientationPortrait;
				INFOPLIST_KEY_UISupportedInterfaceOrientations_iPad = "UIInterfaceOrientationPortrait UIInterfaceOrientationPortraitUpsideDown UIInterfaceOrientationLandscapeLeft UIInterfaceOrientationLandscapeRight";
				INFOPLIST_KEY_UISupportedInterfaceOrientations_iPhone = UIInterfaceOrientationPortrait;
				IPHONEOS_DEPLOYMENT_TARGET = 14.0;
				LD_RUNPATH_SEARCH_PATHS = (
					"$(inherited)",
					"@executable_path/Frameworks",
				);
				MARKETING_VERSION = 1.0;
				PRODUCT_BUNDLE_IDENTIFIER = dev.webelieve.FruitsApp;
				PRODUCT_NAME = "$(TARGET_NAME)";
				SWIFT_EMIT_LOC_STRINGS = YES;
				SWIFT_VERSION = 5.0;
				TARGETED_DEVICE_FAMILY = "1,2";
			};
			name = Debug;
		};
		C7CEE8A327D5684100B756D4 /* Release */ = {
			isa = XCBuildConfiguration;
			buildSettings = {
				ASSETCATALOG_COMPILER_APPICON_NAME = AppIcon;
				ASSETCATALOG_COMPILER_GLOBAL_ACCENT_COLOR_NAME = AccentColor;
				CODE_SIGN_STYLE = Automatic;
				CURRENT_PROJECT_VERSION = 1;
				DEVELOPMENT_ASSET_PATHS = "\"FruitsApp/Preview Content\"";
				DEVELOPMENT_TEAM = V5FAL96G48;
				ENABLE_PREVIEWS = YES;
				GENERATE_INFOPLIST_FILE = YES;
				INFOPLIST_KEY_UIApplicationSceneManifest_Generation = YES;
				INFOPLIST_KEY_UIApplicationSupportsIndirectInputEvents = YES;
				INFOPLIST_KEY_UILaunchScreen_Generation = YES;
				INFOPLIST_KEY_UISupportedInterfaceOrientations = UIInterfaceOrientationPortrait;
				INFOPLIST_KEY_UISupportedInterfaceOrientations_iPad = "UIInterfaceOrientationPortrait UIInterfaceOrientationPortraitUpsideDown UIInterfaceOrientationLandscapeLeft UIInterfaceOrientationLandscapeRight";
				INFOPLIST_KEY_UISupportedInterfaceOrientations_iPhone = UIInterfaceOrientationPortrait;
				IPHONEOS_DEPLOYMENT_TARGET = 14.0;
				LD_RUNPATH_SEARCH_PATHS = (
					"$(inherited)",
					"@executable_path/Frameworks",
				);
				MARKETING_VERSION = 1.0;
				PRODUCT_BUNDLE_IDENTIFIER = dev.webelieve.FruitsApp;
				PRODUCT_NAME = "$(TARGET_NAME)";
				SWIFT_EMIT_LOC_STRINGS = YES;
				SWIFT_VERSION = 5.0;
				TARGETED_DEVICE_FAMILY = "1,2";
			};
			name = Release;
		};
		C7CEE8A527D5684100B756D4 /* Debug */ = {
			isa = XCBuildConfiguration;
			buildSettings = {
				ALWAYS_EMBED_SWIFT_STANDARD_LIBRARIES = YES;
				BUNDLE_LOADER = "$(TEST_HOST)";
				CODE_SIGN_STYLE = Automatic;
				CURRENT_PROJECT_VERSION = 1;
				DEVELOPMENT_TEAM = V5FAL96G48;
				GENERATE_INFOPLIST_FILE = YES;
				IPHONEOS_DEPLOYMENT_TARGET = 15.2;
				MARKETING_VERSION = 1.0;
				PRODUCT_BUNDLE_IDENTIFIER = dev.webelieve.FruitsAppTests;
				PRODUCT_NAME = "$(TARGET_NAME)";
				SWIFT_EMIT_LOC_STRINGS = NO;
				SWIFT_VERSION = 5.0;
				TARGETED_DEVICE_FAMILY = "1,2";
				TEST_HOST = "$(BUILT_PRODUCTS_DIR)/FruitsApp.app/FruitsApp";
			};
			name = Debug;
		};
		C7CEE8A627D5684100B756D4 /* Release */ = {
			isa = XCBuildConfiguration;
			buildSettings = {
				ALWAYS_EMBED_SWIFT_STANDARD_LIBRARIES = YES;
				BUNDLE_LOADER = "$(TEST_HOST)";
				CODE_SIGN_STYLE = Automatic;
				CURRENT_PROJECT_VERSION = 1;
				DEVELOPMENT_TEAM = V5FAL96G48;
				GENERATE_INFOPLIST_FILE = YES;
				IPHONEOS_DEPLOYMENT_TARGET = 15.2;
				MARKETING_VERSION = 1.0;
				PRODUCT_BUNDLE_IDENTIFIER = dev.webelieve.FruitsAppTests;
				PRODUCT_NAME = "$(TARGET_NAME)";
				SWIFT_EMIT_LOC_STRINGS = NO;
				SWIFT_VERSION = 5.0;
				TARGETED_DEVICE_FAMILY = "1,2";
				TEST_HOST = "$(BUILT_PRODUCTS_DIR)/FruitsApp.app/FruitsApp";
			};
			name = Release;
		};
		C7CEE8A827D5684100B756D4 /* Debug */ = {
			isa = XCBuildConfiguration;
			buildSettings = {
				ALWAYS_EMBED_SWIFT_STANDARD_LIBRARIES = YES;
				CODE_SIGN_STYLE = Automatic;
				CURRENT_PROJECT_VERSION = 1;
				DEVELOPMENT_TEAM = V5FAL96G48;
				GENERATE_INFOPLIST_FILE = YES;
				MARKETING_VERSION = 1.0;
				PRODUCT_BUNDLE_IDENTIFIER = dev.webelieve.FruitsAppUITests;
				PRODUCT_NAME = "$(TARGET_NAME)";
				SWIFT_EMIT_LOC_STRINGS = NO;
				SWIFT_VERSION = 5.0;
				TARGETED_DEVICE_FAMILY = "1,2";
				TEST_TARGET_NAME = FruitsApp;
			};
			name = Debug;
		};
		C7CEE8A927D5684100B756D4 /* Release */ = {
			isa = XCBuildConfiguration;
			buildSettings = {
				ALWAYS_EMBED_SWIFT_STANDARD_LIBRARIES = YES;
				CODE_SIGN_STYLE = Automatic;
				CURRENT_PROJECT_VERSION = 1;
				DEVELOPMENT_TEAM = V5FAL96G48;
				GENERATE_INFOPLIST_FILE = YES;
				MARKETING_VERSION = 1.0;
				PRODUCT_BUNDLE_IDENTIFIER = dev.webelieve.FruitsAppUITests;
				PRODUCT_NAME = "$(TARGET_NAME)";
				SWIFT_EMIT_LOC_STRINGS = NO;
				SWIFT_VERSION = 5.0;
				TARGETED_DEVICE_FAMILY = "1,2";
				TEST_TARGET_NAME = FruitsApp;
			};
			name = Release;
		};
/* End XCBuildConfiguration section */

/* Begin XCConfigurationList section */
		C7CEE87827D5684000B756D4 /* Build configuration list for PBXProject "FruitsApp" */ = {
			isa = XCConfigurationList;
			buildConfigurations = (
				C7CEE89F27D5684100B756D4 /* Debug */,
				C7CEE8A027D5684100B756D4 /* Release */,
			);
			defaultConfigurationIsVisible = 0;
			defaultConfigurationName = Release;
		};
		C7CEE8A127D5684100B756D4 /* Build configuration list for PBXNativeTarget "FruitsApp" */ = {
			isa = XCConfigurationList;
			buildConfigurations = (
				C7CEE8A227D5684100B756D4 /* Debug */,
				C7CEE8A327D5684100B756D4 /* Release */,
			);
			defaultConfigurationIsVisible = 0;
			defaultConfigurationName = Release;
		};
		C7CEE8A427D5684100B756D4 /* Build configuration list for PBXNativeTarget "FruitsAppTests" */ = {
			isa = XCConfigurationList;
			buildConfigurations = (
				C7CEE8A527D5684100B756D4 /* Debug */,
				C7CEE8A627D5684100B756D4 /* Release */,
			);
			defaultConfigurationIsVisible = 0;
			defaultConfigurationName = Release;
		};
		C7CEE8A727D5684100B756D4 /* Build configuration list for PBXNativeTarget "FruitsAppUITests" */ = {
			isa = XCConfigurationList;
			buildConfigurations = (
				C7CEE8A827D5684100B756D4 /* Debug */,
				C7CEE8A927D5684100B756D4 /* Release */,
			);
			defaultConfigurationIsVisible = 0;
			defaultConfigurationName = Release;
		};
/* End XCConfigurationList section */
	};
	rootObject = C7CEE87527D5684000B756D4 /* Project object */;
}
